{
    "name": "monorepo",
    "lockfileVersion": 3,
    "requires": true,
    "packages": {
        "": {
            "name": "monorepo",
            "workspaces": [
                "packages/*"
            ]
        },
        "node_modules/one": {
            "resolved": "packages/one",
            "link": true
        },
        "node_modules/two": {
            "resolved": "packages/two",
            "link": true
        },
        "packages/one": {
            "version": "1.0.0",
            "dependencies": {
                "two": "*"
            }
        },
        "packages/two": {
            "version": "1.0.0"
        }
    }
}
